// !$*UTF8*$!
{
	archiveVersion = 1;
	classes = {
	};
	objectVersion = 50;
	objects = {

/* Begin PBXBuildFile section */
		FF01CDC323845A7E0081E16D /* AppDelegate.swift in Sources */ = {isa = PBXBuildFile; fileRef = FF01CDC223845A7E0081E16D /* AppDelegate.swift */; };
		FF01CDC723845A7E0081E16D /* ViewController.swift in Sources */ = {isa = PBXBuildFile; fileRef = FF01CDC623845A7E0081E16D /* ViewController.swift */; };
		FF01CDCA23845A7E0081E16D /* Main.storyboard in Resources */ = {isa = PBXBuildFile; fileRef = FF01CDC823845A7E0081E16D /* Main.storyboard */; };
		FF01CDCF23845A800081E16D /* Assets.xcassets in Resources */ = {isa = PBXBuildFile; fileRef = FF01CDCE23845A800081E16D /* Assets.xcassets */; };
		FF01CDD223845A800081E16D /* LaunchScreen.storyboard in Resources */ = {isa = PBXBuildFile; fileRef = FF01CDD023845A800081E16D /* LaunchScreen.storyboard */; };
		FF01CDDD23845A800081E16D /* P12Tests.swift in Sources */ = {isa = PBXBuildFile; fileRef = FF01CDDC23845A800081E16D /* P12Tests.swift */; };
/* End PBXBuildFile section */

/* Begin PBXContainerItemProxy section */
		FF01CDD923845A800081E16D /* PBXContainerItemProxy */ = {
			isa = PBXContainerItemProxy;
			containerPortal = FF01CDB723845A7E0081E16D /* Project object */;
			proxyType = 1;
			remoteGlobalIDString = FF01CDBE23845A7E0081E16D;
			remoteInfo = P12;
		};
/* End PBXContainerItemProxy section */

/* Begin PBXFileReference section */
		FF01CDBF23845A7E0081E16D /* P12.app */ = {isa = PBXFileReference; explicitFileType = wrapper.application; includeInIndex = 0; path = P12.app; sourceTree = BUILT_PRODUCTS_DIR; };
		FF01CDC223845A7E0081E16D /* AppDelegate.swift */ = {isa = PBXFileReference; lastKnownFileType = sourcecode.swift; path = AppDelegate.swift; sourceTree = "<group>"; };
		FF01CDC623845A7E0081E16D /* ViewController.swift */ = {isa = PBXFileReference; lastKnownFileType = sourcecode.swift; path = ViewController.swift; sourceTree = "<group>"; };
		FF01CDC923845A7E0081E16D /* Base */ = {isa = PBXFileReference; lastKnownFileType = file.storyboard; name = Base; path = Base.lproj/Main.storyboard; sourceTree = "<group>"; };
		FF01CDCE23845A800081E16D /* Assets.xcassets */ = {isa = PBXFileReference; lastKnownFileType = folder.assetcatalog; path = Assets.xcassets; sourceTree = "<group>"; };
		FF01CDD123845A800081E16D /* Base */ = {isa = PBXFileReference; lastKnownFileType = file.storyboard; name = Base; path = Base.lproj/LaunchScreen.storyboard; sourceTree = "<group>"; };
		FF01CDD323845A800081E16D /* Info.plist */ = {isa = PBXFileReference; lastKnownFileType = text.plist.xml; path = Info.plist; sourceTree = "<group>"; };
		FF01CDD823845A800081E16D /* P12Tests.xctest */ = {isa = PBXFileReference; explicitFileType = wrapper.cfbundle; includeInIndex = 0; path = P12Tests.xctest; sourceTree = BUILT_PRODUCTS_DIR; };
		FF01CDDC23845A800081E16D /* P12Tests.swift */ = {isa = PBXFileReference; lastKnownFileType = sourcecode.swift; path = P12Tests.swift; sourceTree = "<group>"; };
		FF01CDDE23845A800081E16D /* Info.plist */ = {isa = PBXFileReference; lastKnownFileType = text.plist.xml; path = Info.plist; sourceTree = "<group>"; };
/* End PBXFileReference section */

/* Begin PBXFrameworksBuildPhase section */
		FF01CDBC23845A7E0081E16D /* Frameworks */ = {
			isa = PBXFrameworksBuildPhase;
			buildActionMask = 2147483647;
			files = (
			);
			runOnlyForDeploymentPostprocessing = 0;
		};
		FF01CDD523845A800081E16D /* Frameworks */ = {
			isa = PBXFrameworksBuildPhase;
			buildActionMask = 2147483647;
			files = (
			);
			runOnlyForDeploymentPostprocessing = 0;
		};
/* End PBXFrameworksBuildPhase section */

/* Begin PBXGroup section */
		FF01CDB623845A7E0081E16D = {
			isa = PBXGroup;
			children = (
				FF01CDC123845A7E0081E16D /* P12 */,
				FF01CDDB23845A800081E16D /* P12Tests */,
				FF01CDC023845A7E0081E16D /* Products */,
			);
			sourceTree = "<group>";
		};
		FF01CDC023845A7E0081E16D /* Products */ = {
			isa = PBXGroup;
			children = (
				FF01CDBF23845A7E0081E16D /* P12.app */,
				FF01CDD823845A800081E16D /* P12Tests.xctest */,
			);
			name = Products;
			sourceTree = "<group>";
		};
		FF01CDC123845A7E0081E16D /* P12 */ = {
			isa = PBXGroup;
			children = (
				FF01CDC223845A7E0081E16D /* AppDelegate.swift */,
				FF01CDC623845A7E0081E16D /* ViewController.swift */,
				FF01CDC823845A7E0081E16D /* Main.storyboard */,
				FF01CDCE23845A800081E16D /* Assets.xcassets */,
				FF01CDD023845A800081E16D /* LaunchScreen.storyboard */,
				FF01CDD323845A800081E16D /* Info.plist */,
			);
			path = P12;
			sourceTree = "<group>";
		};
		FF01CDDB23845A800081E16D /* P12Tests */ = {
			isa = PBXGroup;
			children = (
				FF01CDDC23845A800081E16D /* P12Tests.swift */,
				FF01CDDE23845A800081E16D /* Info.plist */,
			);
			path = P12Tests;
			sourceTree = "<group>";
		};
/* End PBXGroup section */

/* Begin PBXNativeTarget section */
		FF01CDBE23845A7E0081E16D /* P12 */ = {
			isa = PBXNativeTarget;
			buildConfigurationList = FF01CDE123845A800081E16D /* Build configuration list for PBXNativeTarget "P12" */;
			buildPhases = (
				FF01CDBB23845A7E0081E16D /* Sources */,
				FF01CDBC23845A7E0081E16D /* Frameworks */,
				FF01CDBD23845A7E0081E16D /* Resources */,
			);
			buildRules = (
			);
			dependencies = (
			);
			name = P12;
			productName = P12;
			productReference = FF01CDBF23845A7E0081E16D /* P12.app */;
			productType = "com.apple.product-type.application";
		};
		FF01CDD723845A800081E16D /* P12Tests */ = {
			isa = PBXNativeTarget;
			buildConfigurationList = FF01CDE423845A800081E16D /* Build configuration list for PBXNativeTarget "P12Tests" */;
			buildPhases = (
				FF01CDD423845A800081E16D /* Sources */,
				FF01CDD523845A800081E16D /* Frameworks */,
				FF01CDD623845A800081E16D /* Resources */,
			);
			buildRules = (
			);
			dependencies = (
				FF01CDDA23845A800081E16D /* PBXTargetDependency */,
			);
			name = P12Tests;
			productName = P12Tests;
			productReference = FF01CDD823845A800081E16D /* P12Tests.xctest */;
			productType = "com.apple.product-type.bundle.unit-test";
		};
/* End PBXNativeTarget section */

/* Begin PBXProject section */
		FF01CDB723845A7E0081E16D /* Project object */ = {
			isa = PBXProject;
			attributes = {
				LastSwiftUpdateCheck = 1120;
				LastUpgradeCheck = 1120;
				ORGANIZATIONNAME = "Jordan MOREAU";
				TargetAttributes = {
					FF01CDBE23845A7E0081E16D = {
						CreatedOnToolsVersion = 11.2.1;
					};
					FF01CDD723845A800081E16D = {
						CreatedOnToolsVersion = 11.2.1;
						TestTargetID = FF01CDBE23845A7E0081E16D;
					};
				};
			};
			buildConfigurationList = FF01CDBA23845A7E0081E16D /* Build configuration list for PBXProject "P12" */;
			compatibilityVersion = "Xcode 9.3";
			developmentRegion = en;
			hasScannedForEncodings = 0;
			knownRegions = (
				en,
				Base,
			);
			mainGroup = FF01CDB623845A7E0081E16D;
			productRefGroup = FF01CDC023845A7E0081E16D /* Products */;
			projectDirPath = "";
			projectRoot = "";
			targets = (
				FF01CDBE23845A7E0081E16D /* P12 */,
				FF01CDD723845A800081E16D /* P12Tests */,
			);
		};
/* End PBXProject section */

/* Begin PBXResourcesBuildPhase section */
		FF01CDBD23845A7E0081E16D /* Resources */ = {
			isa = PBXResourcesBuildPhase;
			buildActionMask = 2147483647;
			files = (
				FF01CDD223845A800081E16D /* LaunchScreen.storyboard in Resources */,
				FF01CDCF23845A800081E16D /* Assets.xcassets in Resources */,
				FF01CDCA23845A7E0081E16D /* Main.storyboard in Resources */,
			);
			runOnlyForDeploymentPostprocessing = 0;
		};
		FF01CDD623845A800081E16D /* Resources */ = {
			isa = PBXResourcesBuildPhase;
			buildActionMask = 2147483647;
			files = (
			);
			runOnlyForDeploymentPostprocessing = 0;
		};
/* End PBXResourcesBuildPhase section */

/* Begin PBXSourcesBuildPhase section */
		FF01CDBB23845A7E0081E16D /* Sources */ = {
			isa = PBXSourcesBuildPhase;
			buildActionMask = 2147483647;
			files = (
				FF01CDC723845A7E0081E16D /* ViewController.swift in Sources */,
				FF01CDC323845A7E0081E16D /* AppDelegate.swift in Sources */,
			);
			runOnlyForDeploymentPostprocessing = 0;
		};
		FF01CDD423845A800081E16D /* Sources */ = {
			isa = PBXSourcesBuildPhase;
			buildActionMask = 2147483647;
			files = (
				FF01CDDD23845A800081E16D /* P12Tests.swift in Sources */,
			);
			runOnlyForDeploymentPostprocessing = 0;
		};
/* End PBXSourcesBuildPhase section */

/* Begin PBXTargetDependency section */
		FF01CDDA23845A800081E16D /* PBXTargetDependency */ = {
			isa = PBXTargetDependency;
			target = FF01CDBE23845A7E0081E16D /* P12 */;
			targetProxy = FF01CDD923845A800081E16D /* PBXContainerItemProxy */;
		};
/* End PBXTargetDependency section */

/* Begin PBXVariantGroup section */
		FF01CDC823845A7E0081E16D /* Main.storyboard */ = {
			isa = PBXVariantGroup;
			children = (
				FF01CDC923845A7E0081E16D /* Base */,
			);
			name = Main.storyboard;
			sourceTree = "<group>";
		};
		FF01CDD023845A800081E16D /* LaunchScreen.storyboard */ = {
			isa = PBXVariantGroup;
			children = (
				FF01CDD123845A800081E16D /* Base */,
			);
			name = LaunchScreen.storyboard;
			sourceTree = "<group>";
		};
/* End PBXVariantGroup section */

/* Begin XCBuildConfiguration section */
		FF01CDDF23845A800081E16D /* Debug */ = {
			isa = XCBuildConfiguration;
			buildSettings = {
				ALWAYS_SEARCH_USER_PATHS = NO;
				CLANG_ANALYZER_NONNULL = YES;
				CLANG_ANALYZER_NUMBER_OBJECT_CONVERSION = YES_AGGRESSIVE;
				CLANG_CXX_LANGUAGE_STANDARD = "gnu++14";
				CLANG_CXX_LIBRARY = "libc++";
				CLANG_ENABLE_MODULES = YES;
				CLANG_ENABLE_OBJC_ARC = YES;
				CLANG_ENABLE_OBJC_WEAK = YES;
				CLANG_WARN_BLOCK_CAPTURE_AUTORELEASING = YES;
				CLANG_WARN_BOOL_CONVERSION = YES;
				CLANG_WARN_COMMA = YES;
				CLANG_WARN_CONSTANT_CONVERSION = YES;
				CLANG_WARN_DEPRECATED_OBJC_IMPLEMENTATIONS = YES;
				CLANG_WARN_DIRECT_OBJC_ISA_USAGE = YES_ERROR;
				CLANG_WARN_DOCUMENTATION_COMMENTS = YES;
				CLANG_WARN_EMPTY_BODY = YES;
				CLANG_WARN_ENUM_CONVERSION = YES;
				CLANG_WARN_INFINITE_RECURSION = YES;
				CLANG_WARN_INT_CONVERSION = YES;
				CLANG_WARN_NON_LITERAL_NULL_CONVERSION = YES;
				CLANG_WARN_OBJC_IMPLICIT_RETAIN_SELF = YES;
				CLANG_WARN_OBJC_LITERAL_CONVERSION = YES;
				CLANG_WARN_OBJC_ROOT_CLASS = YES_ERROR;
				CLANG_WARN_RANGE_LOOP_ANALYSIS = YES;
				CLANG_WARN_STRICT_PROTOTYPES = YES;
				CLANG_WARN_SUSPICIOUS_MOVE = YES;
				CLANG_WARN_UNGUARDED_AVAILABILITY = YES_AGGRESSIVE;
				CLANG_WARN_UNREACHABLE_CODE = YES;
				CLANG_WARN__DUPLICATE_METHOD_MATCH = YES;
				COPY_PHASE_STRIP = NO;
				DEBUG_INFORMATION_FORMAT = dwarf;
				ENABLE_STRICT_OBJC_MSGSEND = YES;
				ENABLE_TESTABILITY = YES;
				GCC_C_LANGUAGE_STANDARD = gnu11;
				GCC_DYNAMIC_NO_PIC = NO;
				GCC_NO_COMMON_BLOCKS = YES;
				GCC_OPTIMIZATION_LEVEL = 0;
				GCC_PREPROCESSOR_DEFINITIONS = (
					"DEBUG=1",
					"$(inherited)",
				);
				GCC_WARN_64_TO_32_BIT_CONVERSION = YES;
				GCC_WARN_ABOUT_RETURN_TYPE = YES_ERROR;
				GCC_WARN_UNDECLARED_SELECTOR = YES;
				GCC_WARN_UNINITIALIZED_AUTOS = YES_AGGRESSIVE;
				GCC_WARN_UNUSED_FUNCTION = YES;
				GCC_WARN_UNUSED_VARIABLE = YES;
				IPHONEOS_DEPLOYMENT_TARGET = 10.0;
				MTL_ENABLE_DEBUG_INFO = INCLUDE_SOURCE;
				MTL_FAST_MATH = YES;
				ONLY_ACTIVE_ARCH = YES;
				SDKROOT = iphoneos;
				SWIFT_ACTIVE_COMPILATION_CONDITIONS = DEBUG;
				SWIFT_OPTIMIZATION_LEVEL = "-Onone";
			};
			name = Debug;
		};
		FF01CDE023845A800081E16D /* Release */ = {
			isa = XCBuildConfiguration;
			buildSettings = {
				ALWAYS_SEARCH_USER_PATHS = NO;
				CLANG_ANALYZER_NONNULL = YES;
				CLANG_ANALYZER_NUMBER_OBJECT_CONVERSION = YES_AGGRESSIVE;
				CLANG_CXX_LANGUAGE_STANDARD = "gnu++14";
				CLANG_CXX_LIBRARY = "libc++";
				CLANG_ENABLE_MODULES = YES;
				CLANG_ENABLE_OBJC_ARC = YES;
				CLANG_ENABLE_OBJC_WEAK = YES;
				CLANG_WARN_BLOCK_CAPTURE_AUTORELEASING = YES;
				CLANG_WARN_BOOL_CONVERSION = YES;
				CLANG_WARN_COMMA = YES;
				CLANG_WARN_CONSTANT_CONVERSION = YES;
				CLANG_WARN_DEPRECATED_OBJC_IMPLEMENTATIONS = YES;
				CLANG_WARN_DIRECT_OBJC_ISA_USAGE = YES_ERROR;
				CLANG_WARN_DOCUMENTATION_COMMENTS = YES;
				CLANG_WARN_EMPTY_BODY = YES;
				CLANG_WARN_ENUM_CONVERSION = YES;
				CLANG_WARN_INFINITE_RECURSION = YES;
				CLANG_WARN_INT_CONVERSION = YES;
				CLANG_WARN_NON_LITERAL_NULL_CONVERSION = YES;
				CLANG_WARN_OBJC_IMPLICIT_RETAIN_SELF = YES;
				CLANG_WARN_OBJC_LITERAL_CONVERSION = YES;
				CLANG_WARN_OBJC_ROOT_CLASS = YES_ERROR;
				CLANG_WARN_RANGE_LOOP_ANALYSIS = YES;
				CLANG_WARN_STRICT_PROTOTYPES = YES;
				CLANG_WARN_SUSPICIOUS_MOVE = YES;
				CLANG_WARN_UNGUARDED_AVAILABILITY = YES_AGGRESSIVE;
				CLANG_WARN_UNREACHABLE_CODE = YES;
				CLANG_WARN__DUPLICATE_METHOD_MATCH = YES;
				COPY_PHASE_STRIP = NO;
				DEBUG_INFORMATION_FORMAT = "dwarf-with-dsym";
				ENABLE_NS_ASSERTIONS = NO;
				ENABLE_STRICT_OBJC_MSGSEND = YES;
				GCC_C_LANGUAGE_STANDARD = gnu11;
				GCC_NO_COMMON_BLOCKS = YES;
				GCC_WARN_64_TO_32_BIT_CONVERSION = YES;
				GCC_WARN_ABOUT_RETURN_TYPE = YES_ERROR;
				GCC_WARN_UNDECLARED_SELECTOR = YES;
				GCC_WARN_UNINITIALIZED_AUTOS = YES_AGGRESSIVE;
				GCC_WARN_UNUSED_FUNCTION = YES;
				GCC_WARN_UNUSED_VARIABLE = YES;
				IPHONEOS_DEPLOYMENT_TARGET = 10.0;
				MTL_ENABLE_DEBUG_INFO = NO;
				MTL_FAST_MATH = YES;
				SDKROOT = iphoneos;
				SWIFT_COMPILATION_MODE = wholemodule;
				SWIFT_OPTIMIZATION_LEVEL = "-O";
				VALIDATE_PRODUCT = YES;
			};
			name = Release;
		};
		FF01CDE223845A800081E16D /* Debug */ = {
			isa = XCBuildConfiguration;
			buildSettings = {
				ASSETCATALOG_COMPILER_APPICON_NAME = AppIcon;
				CODE_SIGN_STYLE = Automatic;
				DEVELOPMENT_TEAM = ZC47CUWGGS;
				INFOPLIST_FILE = P12/Info.plist;
				LD_RUNPATH_SEARCH_PATHS = (
					"$(inherited)",
					"@executable_path/Frameworks",
				);
				PRODUCT_BUNDLE_IDENTIFIER = com.JordanMoreau.P12;
				PRODUCT_NAME = "$(TARGET_NAME)";
				SWIFT_VERSION = 5.0;
				TARGETED_DEVICE_FAMILY = "1,2";
			};
			name = Debug;
		};
		FF01CDE323845A800081E16D /* Release */ = {
			isa = XCBuildConfiguration;
			buildSettings = {
				ASSETCATALOG_COMPILER_APPICON_NAME = AppIcon;
				CODE_SIGN_STYLE = Automatic;
				DEVELOPMENT_TEAM = ZC47CUWGGS;
				INFOPLIST_FILE = P12/Info.plist;
				LD_RUNPATH_SEARCH_PATHS = (
					"$(inherited)",
					"@executable_path/Frameworks",
				);
				PRODUCT_BUNDLE_IDENTIFIER = com.JordanMoreau.P12;
				PRODUCT_NAME = "$(TARGET_NAME)";
				SWIFT_VERSION = 5.0;
				TARGETED_DEVICE_FAMILY = "1,2";
			};
			name = Release;
		};
		FF01CDE523845A800081E16D /* Debug */ = {
			isa = XCBuildConfiguration;
			buildSettings = {
				ALWAYS_EMBED_SWIFT_STANDARD_LIBRARIES = YES;
				BUNDLE_LOADER = "$(TEST_HOST)";
				CODE_SIGN_STYLE = Automatic;
				DEVELOPMENT_TEAM = ZC47CUWGGS;
				INFOPLIST_FILE = P12Tests/Info.plist;
				IPHONEOS_DEPLOYMENT_TARGET = 13.2;
				LD_RUNPATH_SEARCH_PATHS = (
					"$(inherited)",
					"@executable_path/Frameworks",
					"@loader_path/Frameworks",
				);
				PRODUCT_BUNDLE_IDENTIFIER = com.JordanMoreau.P12Tests;
				PRODUCT_NAME = "$(TARGET_NAME)";
				SWIFT_VERSION = 5.0;
				TARGETED_DEVICE_FAMILY = "1,2";
				TEST_HOST = "$(BUILT_PRODUCTS_DIR)/P12.app/P12";
			};
			name = Debug;
		};
		FF01CDE623845A800081E16D /* Release */ = {
			isa = XCBuildConfiguration;
			buildSettings = {
				ALWAYS_EMBED_SWIFT_STANDARD_LIBRARIES = YES;
				BUNDLE_LOADER = "$(TEST_HOST)";
				CODE_SIGN_STYLE = Automatic;
				DEVELOPMENT_TEAM = ZC47CUWGGS;
				INFOPLIST_FILE = P12Tests/Info.plist;
				IPHONEOS_DEPLOYMENT_TARGET = 13.2;
				LD_RUNPATH_SEARCH_PATHS = (
					"$(inherited)",
					"@executable_path/Frameworks",
					"@loader_path/Frameworks",
				);
				PRODUCT_BUNDLE_IDENTIFIER = com.JordanMoreau.P12Tests;
				PRODUCT_NAME = "$(TARGET_NAME)";
				SWIFT_VERSION = 5.0;
				TARGETED_DEVICE_FAMILY = "1,2";
				TEST_HOST = "$(BUILT_PRODUCTS_DIR)/P12.app/P12";
			};
			name = Release;
		};
/* End XCBuildConfiguration section */

/* Begin XCConfigurationList section */
		FF01CDBA23845A7E0081E16D /* Build configuration list for PBXProject "P12" */ = {
			isa = XCConfigurationList;
			buildConfigurations = (
				FF01CDDF23845A800081E16D /* Debug */,
				FF01CDE023845A800081E16D /* Release */,
			);
			defaultConfigurationIsVisible = 0;
			defaultConfigurationName = Release;
		};
		FF01CDE123845A800081E16D /* Build configuration list for PBXNativeTarget "P12" */ = {
			isa = XCConfigurationList;
			buildConfigurations = (
				FF01CDE223845A800081E16D /* Debug */,
				FF01CDE323845A800081E16D /* Release */,
			);
			defaultConfigurationIsVisible = 0;
			defaultConfigurationName = Release;
		};
		FF01CDE423845A800081E16D /* Build configuration list for PBXNativeTarget "P12Tests" */ = {
			isa = XCConfigurationList;
			buildConfigurations = (
				FF01CDE523845A800081E16D /* Debug */,
				FF01CDE623845A800081E16D /* Release */,
			);
			defaultConfigurationIsVisible = 0;
			defaultConfigurationName = Release;
		};
/* End XCConfigurationList section */
	};
	rootObject = FF01CDB723845A7E0081E16D /* Project object */;
}
